
Microsoft Visual Studio Solution File, Format Version 12.00
# Visual Studio Version 17
VisualStudioVersion = 17.3.32825.248
MinimumVisualStudioVersion = 10.0.40219.1
Project("{FAE04EC0-301F-11D3-BF4B-00C04F79EFBC}") = "BISTrackerBackend", "BISTrackerBackend\BISTrackerBackend.csproj", "{A3F47FFA-954E-44FA-BDA7-CF2B732CEFAD}"
EndProject
Global
	GlobalSection(SolutionConfigurationPlatforms) = preSolution
		Debug|Any CPU = Debug|Any CPU
		Release|Any CPU = Release|Any CPU
	EndGlobalSection
	GlobalSection(ProjectConfigurationPlatforms) = postSolution
		{A3F47FFA-954E-44FA-BDA7-CF2B732CEFAD}.Debug|Any CPU.ActiveCfg = Debug|Any CPU
		{A3F47FFA-954E-44FA-BDA7-CF2B732CEFAD}.Debug|Any CPU.Build.0 = Debug|Any CPU
		{A3F47FFA-954E-44FA-BDA7-CF2B732CEFAD}.Release|Any CPU.ActiveCfg = Release|Any CPU
		{A3F47FFA-954E-44FA-BDA7-CF2B732CEFAD}.Release|Any CPU.Build.0 = Release|Any CPU
	EndGlobalSection
	GlobalSection(SolutionProperties) = preSolution
		HideSolutionNode = FALSE
	EndGlobalSection
	GlobalSection(ExtensibilityGlobals) = postSolution
		SolutionGuid = {22F4AA1A-DD00-4BFF-93B1-F061AD35EA3B}
	EndGlobalSection
EndGlobal
